// !$*UTF8*$!
{
	archiveVersion = 1;
	classes = {
	};
	objectVersion = 50;
	objects = {

/* Begin PBXBuildFile section */
		C21B77082052CFD900E41FA5 /* Plane.swift in Sources */ = {isa = PBXBuildFile; fileRef = C21B77072052CFD900E41FA5 /* Plane.swift */; };
		C225866A2073158700040B4B /* Picker.swift in Sources */ = {isa = PBXBuildFile; fileRef = C22586692073158700040B4B /* Picker.swift */; };
		C22A5BEA207472EE0032D2CB /* Toolbar.swift in Sources */ = {isa = PBXBuildFile; fileRef = C22A5BE9207472EE0032D2CB /* Toolbar.swift */; };
		C2DE80EE2051B64800E8DE77 /* AppDelegate.swift in Sources */ = {isa = PBXBuildFile; fileRef = C2DE80ED2051B64800E8DE77 /* AppDelegate.swift */; };
		C2DE80F02051B64800E8DE77 /* art.scnassets in Resources */ = {isa = PBXBuildFile; fileRef = C2DE80EF2051B64800E8DE77 /* art.scnassets */; };
		C2DE80F22051B64800E8DE77 /* ViewController.swift in Sources */ = {isa = PBXBuildFile; fileRef = C2DE80F12051B64800E8DE77 /* ViewController.swift */; };
		C2DE80F52051B64800E8DE77 /* Main.storyboard in Resources */ = {isa = PBXBuildFile; fileRef = C2DE80F32051B64800E8DE77 /* Main.storyboard */; };
		C2DE80F72051B64A00E8DE77 /* Assets.xcassets in Resources */ = {isa = PBXBuildFile; fileRef = C2DE80F62051B64A00E8DE77 /* Assets.xcassets */; };
		C2DE80FA2051B64B00E8DE77 /* LaunchScreen.storyboard in Resources */ = {isa = PBXBuildFile; fileRef = C2DE80F82051B64B00E8DE77 /* LaunchScreen.storyboard */; };
		C2EDAC90206044690088EEC2 /* Alamofire.framework in Frameworks */ = {isa = PBXBuildFile; fileRef = C2EDAC832060441A0088EEC2 /* Alamofire.framework */; };
		C2EDAC91206044690088EEC2 /* Alamofire.framework in Embed Frameworks */ = {isa = PBXBuildFile; fileRef = C2EDAC832060441A0088EEC2 /* Alamofire.framework */; settings = {ATTRIBUTES = (CodeSignOnCopy, RemoveHeadersOnCopy, ); }; };
		C2EDAC96206048B80088EEC2 /* getDestination.swift in Sources */ = {isa = PBXBuildFile; fileRef = C2EDAC95206048B80088EEC2 /* getDestination.swift */; };
		C2F4CDB82065D7C3009DDEBF /* Bust.swift in Sources */ = {isa = PBXBuildFile; fileRef = C2F4CDB72065D7C3009DDEBF /* Bust.swift */; };
/* End PBXBuildFile section */

/* Begin PBXContainerItemProxy section */
		C2EDAC822060441A0088EEC2 /* PBXContainerItemProxy */ = {
			isa = PBXContainerItemProxy;
			containerPortal = C2EDAC772060441A0088EEC2 /* Alamofire.xcodeproj */;
			proxyType = 2;
			remoteGlobalIDString = F8111E3319A95C8B0040E7D1;
			remoteInfo = "Alamofire iOS";
		};
		C2EDAC842060441A0088EEC2 /* PBXContainerItemProxy */ = {
			isa = PBXContainerItemProxy;
			containerPortal = C2EDAC772060441A0088EEC2 /* Alamofire.xcodeproj */;
			proxyType = 2;
			remoteGlobalIDString = F8111E3E19A95C8B0040E7D1;
			remoteInfo = "Alamofire iOS Tests";
		};
		C2EDAC862060441A0088EEC2 /* PBXContainerItemProxy */ = {
			isa = PBXContainerItemProxy;
			containerPortal = C2EDAC772060441A0088EEC2 /* Alamofire.xcodeproj */;
			proxyType = 2;
			remoteGlobalIDString = 4DD67C0B1A5C55C900ED2280;
			remoteInfo = "Alamofire macOS";
		};
		C2EDAC882060441A0088EEC2 /* PBXContainerItemProxy */ = {
			isa = PBXContainerItemProxy;
			containerPortal = C2EDAC772060441A0088EEC2 /* Alamofire.xcodeproj */;
			proxyType = 2;
			remoteGlobalIDString = F829C6B21A7A94F100A2CD59;
			remoteInfo = "Alamofire macOS Tests";
		};
		C2EDAC8A2060441A0088EEC2 /* PBXContainerItemProxy */ = {
			isa = PBXContainerItemProxy;
			containerPortal = C2EDAC772060441A0088EEC2 /* Alamofire.xcodeproj */;
			proxyType = 2;
			remoteGlobalIDString = 4CF626EF1BA7CB3E0011A099;
			remoteInfo = "Alamofire tvOS";
		};
		C2EDAC8C2060441A0088EEC2 /* PBXContainerItemProxy */ = {
			isa = PBXContainerItemProxy;
			containerPortal = C2EDAC772060441A0088EEC2 /* Alamofire.xcodeproj */;
			proxyType = 2;
			remoteGlobalIDString = 4CF626F81BA7CB3E0011A099;
			remoteInfo = "Alamofire tvOS Tests";
		};
		C2EDAC8E2060441A0088EEC2 /* PBXContainerItemProxy */ = {
			isa = PBXContainerItemProxy;
			containerPortal = C2EDAC772060441A0088EEC2 /* Alamofire.xcodeproj */;
			proxyType = 2;
			remoteGlobalIDString = E4202FE01B667AA100C997FB;
			remoteInfo = "Alamofire watchOS";
		};
		C2EDAC92206044690088EEC2 /* PBXContainerItemProxy */ = {
			isa = PBXContainerItemProxy;
			containerPortal = C2EDAC772060441A0088EEC2 /* Alamofire.xcodeproj */;
			proxyType = 1;
			remoteGlobalIDString = F8111E3219A95C8B0040E7D1;
			remoteInfo = "Alamofire iOS";
		};
/* End PBXContainerItemProxy section */

/* Begin PBXCopyFilesBuildPhase section */
		C2EDAC94206044690088EEC2 /* Embed Frameworks */ = {
			isa = PBXCopyFilesBuildPhase;
			buildActionMask = 2147483647;
			dstPath = "";
			dstSubfolderSpec = 10;
			files = (
				C2EDAC91206044690088EEC2 /* Alamofire.framework in Embed Frameworks */,
			);
			name = "Embed Frameworks";
			runOnlyForDeploymentPostprocessing = 0;
		};
/* End PBXCopyFilesBuildPhase section */

/* Begin PBXFileReference section */
		C21B77072052CFD900E41FA5 /* Plane.swift */ = {isa = PBXFileReference; indentWidth = 2; lastKnownFileType = sourcecode.swift; path = Plane.swift; sourceTree = "<group>"; tabWidth = 2; };
		C22586692073158700040B4B /* Picker.swift */ = {isa = PBXFileReference; indentWidth = 2; lastKnownFileType = sourcecode.swift; path = Picker.swift; sourceTree = "<group>"; tabWidth = 2; };
		C22A5BE9207472EE0032D2CB /* Toolbar.swift */ = {isa = PBXFileReference; indentWidth = 2; lastKnownFileType = sourcecode.swift; path = Toolbar.swift; sourceTree = "<group>"; tabWidth = 6; };
		C2DE80EA2051B64800E8DE77 /* Or Bust.app */ = {isa = PBXFileReference; explicitFileType = wrapper.application; includeInIndex = 0; path = "Or Bust.app"; sourceTree = BUILT_PRODUCTS_DIR; };
		C2DE80ED2051B64800E8DE77 /* AppDelegate.swift */ = {isa = PBXFileReference; lastKnownFileType = sourcecode.swift; path = AppDelegate.swift; sourceTree = "<group>"; };
		C2DE80EF2051B64800E8DE77 /* art.scnassets */ = {isa = PBXFileReference; lastKnownFileType = wrapper.scnassets; path = art.scnassets; sourceTree = "<group>"; };
		C2DE80F12051B64800E8DE77 /* ViewController.swift */ = {isa = PBXFileReference; indentWidth = 2; lastKnownFileType = sourcecode.swift; path = ViewController.swift; sourceTree = "<group>"; tabWidth = 2; };
		C2DE80F42051B64800E8DE77 /* Base */ = {isa = PBXFileReference; lastKnownFileType = file.storyboard; name = Base; path = Base.lproj/Main.storyboard; sourceTree = "<group>"; };
		C2DE80F62051B64A00E8DE77 /* Assets.xcassets */ = {isa = PBXFileReference; lastKnownFileType = folder.assetcatalog; path = Assets.xcassets; sourceTree = "<group>"; };
		C2DE80F92051B64B00E8DE77 /* Base */ = {isa = PBXFileReference; lastKnownFileType = file.storyboard; name = Base; path = Base.lproj/LaunchScreen.storyboard; sourceTree = "<group>"; };
		C2DE80FB2051B64B00E8DE77 /* Info.plist */ = {isa = PBXFileReference; lastKnownFileType = text.plist.xml; path = Info.plist; sourceTree = "<group>"; };
		C2EDAC772060441A0088EEC2 /* Alamofire.xcodeproj */ = {isa = PBXFileReference; lastKnownFileType = "wrapper.pb-project"; name = Alamofire.xcodeproj; path = Alamofire/Alamofire.xcodeproj; sourceTree = "<group>"; };
		C2EDAC95206048B80088EEC2 /* getDestination.swift */ = {isa = PBXFileReference; indentWidth = 2; lastKnownFileType = sourcecode.swift; path = getDestination.swift; sourceTree = "<group>"; tabWidth = 2; };
		C2F4CDB72065D7C3009DDEBF /* Bust.swift */ = {isa = PBXFileReference; indentWidth = 2; lastKnownFileType = sourcecode.swift; path = Bust.swift; sourceTree = "<group>"; tabWidth = 2; };
/* End PBXFileReference section */

/* Begin PBXFrameworksBuildPhase section */
		C2DE80E72051B64800E8DE77 /* Frameworks */ = {
			isa = PBXFrameworksBuildPhase;
			buildActionMask = 2147483647;
			files = (
				C2EDAC90206044690088EEC2 /* Alamofire.framework in Frameworks */,
			);
			runOnlyForDeploymentPostprocessing = 0;
		};
/* End PBXFrameworksBuildPhase section */

/* Begin PBXGroup section */
		C2DE80E12051B64800E8DE77 = {
			isa = PBXGroup;
			children = (
				C2DE80EC2051B64800E8DE77 /* 4K Busts */,
				C2DE80EB2051B64800E8DE77 /* Products */,
				C2EDAC772060441A0088EEC2 /* Alamofire.xcodeproj */,
			);
			sourceTree = "<group>";
		};
		C2DE80EB2051B64800E8DE77 /* Products */ = {
			isa = PBXGroup;
			children = (
				C2DE80EA2051B64800E8DE77 /* Or Bust.app */,
			);
			name = Products;
			sourceTree = "<group>";
		};
		C2DE80EC2051B64800E8DE77 /* 4K Busts */ = {
			isa = PBXGroup;
			children = (
				C2DE80ED2051B64800E8DE77 /* AppDelegate.swift */,
				C2DE80EF2051B64800E8DE77 /* art.scnassets */,
				C2DE80F12051B64800E8DE77 /* ViewController.swift */,
				C2DE80F32051B64800E8DE77 /* Main.storyboard */,
				C2DE80F62051B64A00E8DE77 /* Assets.xcassets */,
				C2DE80F82051B64B00E8DE77 /* LaunchScreen.storyboard */,
				C2DE80FB2051B64B00E8DE77 /* Info.plist */,
				C21B77072052CFD900E41FA5 /* Plane.swift */,
				C2EDAC95206048B80088EEC2 /* getDestination.swift */,
				C2F4CDB72065D7C3009DDEBF /* Bust.swift */,
				C22586692073158700040B4B /* Picker.swift */,
				C22A5BE9207472EE0032D2CB /* Toolbar.swift */,
			);
			path = "4K Busts";
			sourceTree = "<group>";
		};
		C2EDAC782060441A0088EEC2 /* Products */ = {
			isa = PBXGroup;
			children = (
				C2EDAC832060441A0088EEC2 /* Alamofire.framework */,
				C2EDAC852060441A0088EEC2 /* Alamofire iOS Tests.xctest */,
				C2EDAC872060441A0088EEC2 /* Alamofire.framework */,
				C2EDAC892060441A0088EEC2 /* Alamofire macOS Tests.xctest */,
				C2EDAC8B2060441A0088EEC2 /* Alamofire.framework */,
				C2EDAC8D2060441A0088EEC2 /* Alamofire tvOS Tests.xctest */,
				C2EDAC8F2060441A0088EEC2 /* Alamofire.framework */,
			);
			name = Products;
			sourceTree = "<group>";
		};
/* End PBXGroup section */

/* Begin PBXNativeTarget section */
		C2DE80E92051B64800E8DE77 /* Or Bust */ = {
			isa = PBXNativeTarget;
			buildConfigurationList = C2DE80FE2051B64B00E8DE77 /* Build configuration list for PBXNativeTarget "Or Bust" */;
			buildPhases = (
				C2DE80E62051B64800E8DE77 /* Sources */,
				C2DE80E72051B64800E8DE77 /* Frameworks */,
				C2DE80E82051B64800E8DE77 /* Resources */,
				C2EDAC94206044690088EEC2 /* Embed Frameworks */,
			);
			buildRules = (
			);
			dependencies = (
				C2EDAC93206044690088EEC2 /* PBXTargetDependency */,
			);
			name = "Or Bust";
			productName = "4K Busts";
			productReference = C2DE80EA2051B64800E8DE77 /* Or Bust.app */;
			productType = "com.apple.product-type.application";
		};
/* End PBXNativeTarget section */

/* Begin PBXProject section */
		C2DE80E22051B64800E8DE77 /* Project object */ = {
			isa = PBXProject;
			attributes = {
				LastSwiftUpdateCheck = 0930;
				LastUpgradeCheck = 0930;
				ORGANIZATIONNAME = "Four Kitchens";
				TargetAttributes = {
					C2DE80E92051B64800E8DE77 = {
						CreatedOnToolsVersion = 9.3;
					};
				};
			};
			buildConfigurationList = C2DE80E52051B64800E8DE77 /* Build configuration list for PBXProject "Or Bust" */;
			compatibilityVersion = "Xcode 9.3";
			developmentRegion = en;
			hasScannedForEncodings = 0;
			knownRegions = (
				en,
				Base,
			);
			mainGroup = C2DE80E12051B64800E8DE77;
			productRefGroup = C2DE80EB2051B64800E8DE77 /* Products */;
			projectDirPath = "";
			projectReferences = (
				{
					ProductGroup = C2EDAC782060441A0088EEC2 /* Products */;
					ProjectRef = C2EDAC772060441A0088EEC2 /* Alamofire.xcodeproj */;
				},
			);
			projectRoot = "";
			targets = (
				C2DE80E92051B64800E8DE77 /* Or Bust */,
			);
		};
/* End PBXProject section */

/* Begin PBXReferenceProxy section */
		C2EDAC832060441A0088EEC2 /* Alamofire.framework */ = {
			isa = PBXReferenceProxy;
			fileType = wrapper.framework;
			path = Alamofire.framework;
			remoteRef = C2EDAC822060441A0088EEC2 /* PBXContainerItemProxy */;
			sourceTree = BUILT_PRODUCTS_DIR;
		};
		C2EDAC852060441A0088EEC2 /* Alamofire iOS Tests.xctest */ = {
			isa = PBXReferenceProxy;
			fileType = wrapper.cfbundle;
			path = "Alamofire iOS Tests.xctest";
			remoteRef = C2EDAC842060441A0088EEC2 /* PBXContainerItemProxy */;
			sourceTree = BUILT_PRODUCTS_DIR;
		};
		C2EDAC872060441A0088EEC2 /* Alamofire.framework */ = {
			isa = PBXReferenceProxy;
			fileType = wrapper.framework;
			path = Alamofire.framework;
			remoteRef = C2EDAC862060441A0088EEC2 /* PBXContainerItemProxy */;
			sourceTree = BUILT_PRODUCTS_DIR;
		};
		C2EDAC892060441A0088EEC2 /* Alamofire macOS Tests.xctest */ = {
			isa = PBXReferenceProxy;
			fileType = wrapper.cfbundle;
			path = "Alamofire macOS Tests.xctest";
			remoteRef = C2EDAC882060441A0088EEC2 /* PBXContainerItemProxy */;
			sourceTree = BUILT_PRODUCTS_DIR;
		};
		C2EDAC8B2060441A0088EEC2 /* Alamofire.framework */ = {
			isa = PBXReferenceProxy;
			fileType = wrapper.framework;
			path = Alamofire.framework;
			remoteRef = C2EDAC8A2060441A0088EEC2 /* PBXContainerItemProxy */;
			sourceTree = BUILT_PRODUCTS_DIR;
		};
		C2EDAC8D2060441A0088EEC2 /* Alamofire tvOS Tests.xctest */ = {
			isa = PBXReferenceProxy;
			fileType = wrapper.cfbundle;
			path = "Alamofire tvOS Tests.xctest";
			remoteRef = C2EDAC8C2060441A0088EEC2 /* PBXContainerItemProxy */;
			sourceTree = BUILT_PRODUCTS_DIR;
		};
		C2EDAC8F2060441A0088EEC2 /* Alamofire.framework */ = {
			isa = PBXReferenceProxy;
			fileType = wrapper.framework;
			path = Alamofire.framework;
			remoteRef = C2EDAC8E2060441A0088EEC2 /* PBXContainerItemProxy */;
			sourceTree = BUILT_PRODUCTS_DIR;
		};
/* End PBXReferenceProxy section */

/* Begin PBXResourcesBuildPhase section */
		C2DE80E82051B64800E8DE77 /* Resources */ = {
			isa = PBXResourcesBuildPhase;
			buildActionMask = 2147483647;
			files = (
				C2DE80F02051B64800E8DE77 /* art.scnassets in Resources */,
				C2DE80FA2051B64B00E8DE77 /* LaunchScreen.storyboard in Resources */,
				C2DE80F72051B64A00E8DE77 /* Assets.xcassets in Resources */,
				C2DE80F52051B64800E8DE77 /* Main.storyboard in Resources */,
			);
			runOnlyForDeploymentPostprocessing = 0;
		};
/* End PBXResourcesBuildPhase section */

/* Begin PBXSourcesBuildPhase section */
		C2DE80E62051B64800E8DE77 /* Sources */ = {
			isa = PBXSourcesBuildPhase;
			buildActionMask = 2147483647;
			files = (
				C22A5BEA207472EE0032D2CB /* Toolbar.swift in Sources */,
				C2F4CDB82065D7C3009DDEBF /* Bust.swift in Sources */,
				C225866A2073158700040B4B /* Picker.swift in Sources */,
				C2DE80F22051B64800E8DE77 /* ViewController.swift in Sources */,
				C2EDAC96206048B80088EEC2 /* getDestination.swift in Sources */,
				C21B77082052CFD900E41FA5 /* Plane.swift in Sources */,
				C2DE80EE2051B64800E8DE77 /* AppDelegate.swift in Sources */,
			);
			runOnlyForDeploymentPostprocessing = 0;
		};
/* End PBXSourcesBuildPhase section */

/* Begin PBXTargetDependency section */
		C2EDAC93206044690088EEC2 /* PBXTargetDependency */ = {
			isa = PBXTargetDependency;
			name = "Alamofire iOS";
			targetProxy = C2EDAC92206044690088EEC2 /* PBXContainerItemProxy */;
		};
/* End PBXTargetDependency section */

/* Begin PBXVariantGroup section */
		C2DE80F32051B64800E8DE77 /* Main.storyboard */ = {
			isa = PBXVariantGroup;
			children = (
				C2DE80F42051B64800E8DE77 /* Base */,
			);
			name = Main.storyboard;
			sourceTree = "<group>";
		};
		C2DE80F82051B64B00E8DE77 /* LaunchScreen.storyboard */ = {
			isa = PBXVariantGroup;
			children = (
				C2DE80F92051B64B00E8DE77 /* Base */,
			);
			name = LaunchScreen.storyboard;
			sourceTree = "<group>";
		};
/* End PBXVariantGroup section */

/* Begin XCBuildConfiguration section */
		C2DE80FC2051B64B00E8DE77 /* Debug */ = {
			isa = XCBuildConfiguration;
			buildSettings = {
				ALWAYS_SEARCH_USER_PATHS = NO;
				CLANG_ANALYZER_NONNULL = YES;
				CLANG_ANALYZER_NUMBER_OBJECT_CONVERSION = YES_AGGRESSIVE;
				CLANG_CXX_LANGUAGE_STANDARD = "gnu++14";
				CLANG_CXX_LIBRARY = "libc++";
				CLANG_ENABLE_MODULES = YES;
				CLANG_ENABLE_OBJC_ARC = YES;
				CLANG_ENABLE_OBJC_WEAK = YES;
				CLANG_WARN_BLOCK_CAPTURE_AUTORELEASING = YES;
				CLANG_WARN_BOOL_CONVERSION = YES;
				CLANG_WARN_COMMA = YES;
				CLANG_WARN_CONSTANT_CONVERSION = YES;
				CLANG_WARN_DEPRECATED_OBJC_IMPLEMENTATIONS = YES;
				CLANG_WARN_DIRECT_OBJC_ISA_USAGE = YES_ERROR;
				CLANG_WARN_DOCUMENTATION_COMMENTS = YES;
				CLANG_WARN_EMPTY_BODY = YES;
				CLANG_WARN_ENUM_CONVERSION = YES;
				CLANG_WARN_INFINITE_RECURSION = YES;
				CLANG_WARN_INT_CONVERSION = YES;
				CLANG_WARN_NON_LITERAL_NULL_CONVERSION = YES;
				CLANG_WARN_OBJC_IMPLICIT_RETAIN_SELF = YES;
				CLANG_WARN_OBJC_LITERAL_CONVERSION = YES;
				CLANG_WARN_OBJC_ROOT_CLASS = YES_ERROR;
				CLANG_WARN_RANGE_LOOP_ANALYSIS = YES;
				CLANG_WARN_STRICT_PROTOTYPES = YES;
				CLANG_WARN_SUSPICIOUS_MOVE = YES;
				CLANG_WARN_UNGUARDED_AVAILABILITY = YES_AGGRESSIVE;
				CLANG_WARN_UNREACHABLE_CODE = YES;
				CLANG_WARN__DUPLICATE_METHOD_MATCH = YES;
				CODE_SIGN_IDENTITY = "iPhone Developer";
				COPY_PHASE_STRIP = NO;
				DEBUG_INFORMATION_FORMAT = dwarf;
				ENABLE_STRICT_OBJC_MSGSEND = YES;
				ENABLE_TESTABILITY = YES;
				GCC_C_LANGUAGE_STANDARD = gnu11;
				GCC_DYNAMIC_NO_PIC = NO;
				GCC_NO_COMMON_BLOCKS = YES;
				GCC_OPTIMIZATION_LEVEL = 0;
				GCC_PREPROCESSOR_DEFINITIONS = (
					"DEBUG=1",
					"$(inherited)",
				);
				GCC_WARN_64_TO_32_BIT_CONVERSION = YES;
				GCC_WARN_ABOUT_RETURN_TYPE = YES_ERROR;
				GCC_WARN_UNDECLARED_SELECTOR = YES;
				GCC_WARN_UNINITIALIZED_AUTOS = YES_AGGRESSIVE;
				GCC_WARN_UNUSED_FUNCTION = YES;
				GCC_WARN_UNUSED_VARIABLE = YES;
				IPHONEOS_DEPLOYMENT_TARGET = 11.3;
				MTL_ENABLE_DEBUG_INFO = YES;
				ONLY_ACTIVE_ARCH = YES;
				SDKROOT = iphoneos;
				SWIFT_ACTIVE_COMPILATION_CONDITIONS = DEBUG;
				SWIFT_OPTIMIZATION_LEVEL = "-Onone";
			};
			name = Debug;
		};
		C2DE80FD2051B64B00E8DE77 /* Release */ = {
			isa = XCBuildConfiguration;
			buildSettings = {
				ALWAYS_SEARCH_USER_PATHS = NO;
				CLANG_ANALYZER_NONNULL = YES;
				CLANG_ANALYZER_NUMBER_OBJECT_CONVERSION = YES_AGGRESSIVE;
				CLANG_CXX_LANGUAGE_STANDARD = "gnu++14";
				CLANG_CXX_LIBRARY = "libc++";
				CLANG_ENABLE_MODULES = YES;
				CLANG_ENABLE_OBJC_ARC = YES;
				CLANG_ENABLE_OBJC_WEAK = YES;
				CLANG_WARN_BLOCK_CAPTURE_AUTORELEASING = YES;
				CLANG_WARN_BOOL_CONVERSION = YES;
				CLANG_WARN_COMMA = YES;
				CLANG_WARN_CONSTANT_CONVERSION = YES;
				CLANG_WARN_DEPRECATED_OBJC_IMPLEMENTATIONS = YES;
				CLANG_WARN_DIRECT_OBJC_ISA_USAGE = YES_ERROR;
				CLANG_WARN_DOCUMENTATION_COMMENTS = YES;
				CLANG_WARN_EMPTY_BODY = YES;
				CLANG_WARN_ENUM_CONVERSION = YES;
				CLANG_WARN_INFINITE_RECURSION = YES;
				CLANG_WARN_INT_CONVERSION = YES;
				CLANG_WARN_NON_LITERAL_NULL_CONVERSION = YES;
				CLANG_WARN_OBJC_IMPLICIT_RETAIN_SELF = YES;
				CLANG_WARN_OBJC_LITERAL_CONVERSION = YES;
				CLANG_WARN_OBJC_ROOT_CLASS = YES_ERROR;
				CLANG_WARN_RANGE_LOOP_ANALYSIS = YES;
				CLANG_WARN_STRICT_PROTOTYPES = YES;
				CLANG_WARN_SUSPICIOUS_MOVE = YES;
				CLANG_WARN_UNGUARDED_AVAILABILITY = YES_AGGRESSIVE;
				CLANG_WARN_UNREACHABLE_CODE = YES;
				CLANG_WARN__DUPLICATE_METHOD_MATCH = YES;
				CODE_SIGN_IDENTITY = "iPhone Developer";
				COPY_PHASE_STRIP = NO;
				DEBUG_INFORMATION_FORMAT = "dwarf-with-dsym";
				ENABLE_NS_ASSERTIONS = NO;
				ENABLE_STRICT_OBJC_MSGSEND = YES;
				GCC_C_LANGUAGE_STANDARD = gnu11;
				GCC_NO_COMMON_BLOCKS = YES;
				GCC_WARN_64_TO_32_BIT_CONVERSION = YES;
				GCC_WARN_ABOUT_RETURN_TYPE = YES_ERROR;
				GCC_WARN_UNDECLARED_SELECTOR = YES;
				GCC_WARN_UNINITIALIZED_AUTOS = YES_AGGRESSIVE;
				GCC_WARN_UNUSED_FUNCTION = YES;
				GCC_WARN_UNUSED_VARIABLE = YES;
				IPHONEOS_DEPLOYMENT_TARGET = 11.3;
				MTL_ENABLE_DEBUG_INFO = NO;
				SDKROOT = iphoneos;
				SWIFT_COMPILATION_MODE = wholemodule;
				SWIFT_OPTIMIZATION_LEVEL = "-O";
				VALIDATE_PRODUCT = YES;
			};
			name = Release;
		};
		C2DE80FF2051B64B00E8DE77 /* Debug */ = {
			isa = XCBuildConfiguration;
			buildSettings = {
				ALWAYS_EMBED_SWIFT_STANDARD_LIBRARIES = YES;
				ASSETCATALOG_COMPILER_APPICON_NAME = AppIcon;
				CODE_SIGN_STYLE = Automatic;
				DEVELOPMENT_TEAM = VQ7QH9V39A;
				INFOPLIST_FILE = "4K Busts/Info.plist";
				LD_RUNPATH_SEARCH_PATHS = (
					"$(inherited)",
					"@executable_path/Frameworks",
				);
				PRODUCT_BUNDLE_IDENTIFIER = "com.fourkitchens.or-bust";
				PRODUCT_NAME = "$(TARGET_NAME)";
				SWIFT_VERSION = 4.0;
				TARGETED_DEVICE_FAMILY = "1,2";
			};
			name = Debug;
		};
		C2DE81002051B64B00E8DE77 /* Release */ = {
			isa = XCBuildConfiguration;
			buildSettings = {
				ALWAYS_EMBED_SWIFT_STANDARD_LIBRARIES = YES;
				ASSETCATALOG_COMPILER_APPICON_NAME = AppIcon;
				CODE_SIGN_STYLE = Automatic;
				DEVELOPMENT_TEAM = VQ7QH9V39A;
				INFOPLIST_FILE = "4K Busts/Info.plist";
				LD_RUNPATH_SEARCH_PATHS = (
					"$(inherited)",
					"@executable_path/Frameworks",
				);
				PRODUCT_BUNDLE_IDENTIFIER = "com.fourkitchens.or-bust";
				PRODUCT_NAME = "$(TARGET_NAME)";
				SWIFT_VERSION = 4.0;
				TARGETED_DEVICE_FAMILY = "1,2";
			};
			name = Release;
		};
/* End XCBuildConfiguration section */

/* Begin XCConfigurationList section */
		C2DE80E52051B64800E8DE77 /* Build configuration list for PBXProject "Or Bust" */ = {
			isa = XCConfigurationList;
			buildConfigurations = (
				C2DE80FC2051B64B00E8DE77 /* Debug */,
				C2DE80FD2051B64B00E8DE77 /* Release */,
			);
			defaultConfigurationIsVisible = 0;
			defaultConfigurationName = Release;
		};
		C2DE80FE2051B64B00E8DE77 /* Build configuration list for PBXNativeTarget "Or Bust" */ = {
			isa = XCConfigurationList;
			buildConfigurations = (
				C2DE80FF2051B64B00E8DE77 /* Debug */,
				C2DE81002051B64B00E8DE77 /* Release */,
			);
			defaultConfigurationIsVisible = 0;
			defaultConfigurationName = Release;
		};
/* End XCConfigurationList section */
	};
	rootObject = C2DE80E22051B64800E8DE77 /* Project object */;
}
